// !$*UTF8*$!
{
	archiveVersion = 1;
	classes = {
	};
	objectVersion = 56;
	objects = {

/* Begin PBXBuildFile section */
		29220B1E2A075B0C00A6C01E /* Assessment3IOSApp.swift in Sources */ = {isa = PBXBuildFile; fileRef = 29220B1D2A075B0C00A6C01E /* Assessment3IOSApp.swift */; };
		29220B202A075B0C00A6C01E /* ContentView.swift in Sources */ = {isa = PBXBuildFile; fileRef = 29220B1F2A075B0C00A6C01E /* ContentView.swift */; };
		29220B222A075B0C00A6C01E /* Assets.xcassets in Resources */ = {isa = PBXBuildFile; fileRef = 29220B212A075B0C00A6C01E /* Assets.xcassets */; };
		29220B252A075B0C00A6C01E /* Preview Assets.xcassets in Resources */ = {isa = PBXBuildFile; fileRef = 29220B242A075B0C00A6C01E /* Preview Assets.xcassets */; };
		29220B2F2A075B0D00A6C01E /* Assessment3IOSTests.swift in Sources */ = {isa = PBXBuildFile; fileRef = 29220B2E2A075B0D00A6C01E /* Assessment3IOSTests.swift */; };
		29220B392A075B0D00A6C01E /* Assessment3IOSUITests.swift in Sources */ = {isa = PBXBuildFile; fileRef = 29220B382A075B0D00A6C01E /* Assessment3IOSUITests.swift */; };
		29220B3B2A075B0D00A6C01E /* Assessment3IOSUITestsLaunchTests.swift in Sources */ = {isa = PBXBuildFile; fileRef = 29220B3A2A075B0D00A6C01E /* Assessment3IOSUITestsLaunchTests.swift */; };
/* End PBXBuildFile section */

/* Begin PBXContainerItemProxy section */
		29220B2B2A075B0D00A6C01E /* PBXContainerItemProxy */ = {
			isa = PBXContainerItemProxy;
			containerPortal = 29220B122A075B0C00A6C01E /* Project object */;
			proxyType = 1;
			remoteGlobalIDString = 29220B192A075B0C00A6C01E;
			remoteInfo = Assessment3IOS;
		};
		29220B352A075B0D00A6C01E /* PBXContainerItemProxy */ = {
			isa = PBXContainerItemProxy;
			containerPortal = 29220B122A075B0C00A6C01E /* Project object */;
			proxyType = 1;
			remoteGlobalIDString = 29220B192A075B0C00A6C01E;
			remoteInfo = Assessment3IOS;
		};
/* End PBXContainerItemProxy section */

/* Begin PBXFileReference section */
		29220B1A2A075B0C00A6C01E /* Assessment3IOS.app */ = {isa = PBXFileReference; explicitFileType = wrapper.application; includeInIndex = 0; path = Assessment3IOS.app; sourceTree = BUILT_PRODUCTS_DIR; };
		29220B1D2A075B0C00A6C01E /* Assessment3IOSApp.swift */ = {isa = PBXFileReference; lastKnownFileType = sourcecode.swift; path = Assessment3IOSApp.swift; sourceTree = "<group>"; };
		29220B1F2A075B0C00A6C01E /* ContentView.swift */ = {isa = PBXFileReference; lastKnownFileType = sourcecode.swift; path = ContentView.swift; sourceTree = "<group>"; };
		29220B212A075B0C00A6C01E /* Assets.xcassets */ = {isa = PBXFileReference; lastKnownFileType = folder.assetcatalog; path = Assets.xcassets; sourceTree = "<group>"; };
		29220B242A075B0C00A6C01E /* Preview Assets.xcassets */ = {isa = PBXFileReference; lastKnownFileType = folder.assetcatalog; path = "Preview Assets.xcassets"; sourceTree = "<group>"; };
		29220B2A2A075B0D00A6C01E /* Assessment3IOSTests.xctest */ = {isa = PBXFileReference; explicitFileType = wrapper.cfbundle; includeInIndex = 0; path = Assessment3IOSTests.xctest; sourceTree = BUILT_PRODUCTS_DIR; };
		29220B2E2A075B0D00A6C01E /* Assessment3IOSTests.swift */ = {isa = PBXFileReference; lastKnownFileType = sourcecode.swift; path = Assessment3IOSTests.swift; sourceTree = "<group>"; };
		29220B342A075B0D00A6C01E /* Assessment3IOSUITests.xctest */ = {isa = PBXFileReference; explicitFileType = wrapper.cfbundle; includeInIndex = 0; path = Assessment3IOSUITests.xctest; sourceTree = BUILT_PRODUCTS_DIR; };
		29220B382A075B0D00A6C01E /* Assessment3IOSUITests.swift */ = {isa = PBXFileReference; lastKnownFileType = sourcecode.swift; path = Assessment3IOSUITests.swift; sourceTree = "<group>"; };
		29220B3A2A075B0D00A6C01E /* Assessment3IOSUITestsLaunchTests.swift */ = {isa = PBXFileReference; lastKnownFileType = sourcecode.swift; path = Assessment3IOSUITestsLaunchTests.swift; sourceTree = "<group>"; };
/* End PBXFileReference section */

/* Begin PBXFrameworksBuildPhase section */
		29220B172A075B0C00A6C01E /* Frameworks */ = {
			isa = PBXFrameworksBuildPhase;
			buildActionMask = 2147483647;
			files = (
			);
			runOnlyForDeploymentPostprocessing = 0;
		};
		29220B272A075B0D00A6C01E /* Frameworks */ = {
			isa = PBXFrameworksBuildPhase;
			buildActionMask = 2147483647;
			files = (
			);
			runOnlyForDeploymentPostprocessing = 0;
		};
		29220B312A075B0D00A6C01E /* Frameworks */ = {
			isa = PBXFrameworksBuildPhase;
			buildActionMask = 2147483647;
			files = (
			);
			runOnlyForDeploymentPostprocessing = 0;
		};
/* End PBXFrameworksBuildPhase section */

/* Begin PBXGroup section */
		29220B112A075B0C00A6C01E = {
			isa = PBXGroup;
			children = (
				29220B1C2A075B0C00A6C01E /* Assessment3IOS */,
				29220B2D2A075B0D00A6C01E /* Assessment3IOSTests */,
				29220B372A075B0D00A6C01E /* Assessment3IOSUITests */,
				29220B1B2A075B0C00A6C01E /* Products */,
			);
			sourceTree = "<group>";
		};
		29220B1B2A075B0C00A6C01E /* Products */ = {
			isa = PBXGroup;
			children = (
				29220B1A2A075B0C00A6C01E /* Assessment3IOS.app */,
				29220B2A2A075B0D00A6C01E /* Assessment3IOSTests.xctest */,
				29220B342A075B0D00A6C01E /* Assessment3IOSUITests.xctest */,
			);
			name = Products;
			sourceTree = "<group>";
		};
		29220B1C2A075B0C00A6C01E /* Assessment3IOS */ = {
			isa = PBXGroup;
			children = (
				29220B1D2A075B0C00A6C01E /* Assessment3IOSApp.swift */,
				29220B1F2A075B0C00A6C01E /* ContentView.swift */,
				29220B212A075B0C00A6C01E /* Assets.xcassets */,
				29220B232A075B0C00A6C01E /* Preview Content */,
			);
			path = Assessment3IOS;
			sourceTree = "<group>";
		};
		29220B232A075B0C00A6C01E /* Preview Content */ = {
			isa = PBXGroup;
			children = (
				29220B242A075B0C00A6C01E /* Preview Assets.xcassets */,
			);
			path = "Preview Content";
			sourceTree = "<group>";
		};
		29220B2D2A075B0D00A6C01E /* Assessment3IOSTests */ = {
			isa = PBXGroup;
			children = (
				29220B2E2A075B0D00A6C01E /* Assessment3IOSTests.swift */,
			);
			path = Assessment3IOSTests;
			sourceTree = "<group>";
		};
		29220B372A075B0D00A6C01E /* Assessment3IOSUITests */ = {
			isa = PBXGroup;
			children = (
				29220B382A075B0D00A6C01E /* Assessment3IOSUITests.swift */,
				29220B3A2A075B0D00A6C01E /* Assessment3IOSUITestsLaunchTests.swift */,
			);
			path = Assessment3IOSUITests;
			sourceTree = "<group>";
		};
/* End PBXGroup section */

/* Begin PBXNativeTarget section */
		29220B192A075B0C00A6C01E /* Assessment3IOS */ = {
			isa = PBXNativeTarget;
			buildConfigurationList = 29220B3E2A075B0D00A6C01E /* Build configuration list for PBXNativeTarget "Assessment3IOS" */;
			buildPhases = (
				29220B162A075B0C00A6C01E /* Sources */,
				29220B172A075B0C00A6C01E /* Frameworks */,
				29220B182A075B0C00A6C01E /* Resources */,
			);
			buildRules = (
			);
			dependencies = (
			);
			name = Assessment3IOS;
			productName = Assessment3IOS;
			productReference = 29220B1A2A075B0C00A6C01E /* Assessment3IOS.app */;
			productType = "com.apple.product-type.application";
		};
		29220B292A075B0D00A6C01E /* Assessment3IOSTests */ = {
			isa = PBXNativeTarget;
			buildConfigurationList = 29220B412A075B0D00A6C01E /* Build configuration list for PBXNativeTarget "Assessment3IOSTests" */;
			buildPhases = (
				29220B262A075B0D00A6C01E /* Sources */,
				29220B272A075B0D00A6C01E /* Frameworks */,
				29220B282A075B0D00A6C01E /* Resources */,
			);
			buildRules = (
			);
			dependencies = (
				29220B2C2A075B0D00A6C01E /* PBXTargetDependency */,
			);
			name = Assessment3IOSTests;
			productName = Assessment3IOSTests;
			productReference = 29220B2A2A075B0D00A6C01E /* Assessment3IOSTests.xctest */;
			productType = "com.apple.product-type.bundle.unit-test";
		};
		29220B332A075B0D00A6C01E /* Assessment3IOSUITests */ = {
			isa = PBXNativeTarget;
			buildConfigurationList = 29220B442A075B0D00A6C01E /* Build configuration list for PBXNativeTarget "Assessment3IOSUITests" */;
			buildPhases = (
				29220B302A075B0D00A6C01E /* Sources */,
				29220B312A075B0D00A6C01E /* Frameworks */,
				29220B322A075B0D00A6C01E /* Resources */,
			);
			buildRules = (
			);
			dependencies = (
				29220B362A075B0D00A6C01E /* PBXTargetDependency */,
			);
			name = Assessment3IOSUITests;
			productName = Assessment3IOSUITests;
			productReference = 29220B342A075B0D00A6C01E /* Assessment3IOSUITests.xctest */;
			productType = "com.apple.product-type.bundle.ui-testing";
		};
/* End PBXNativeTarget section */

/* Begin PBXProject section */
		29220B122A075B0C00A6C01E /* Project object */ = {
			isa = PBXProject;
			attributes = {
				BuildIndependentTargetsInParallel = 1;
				LastSwiftUpdateCheck = 1430;
				LastUpgradeCheck = 1430;
				TargetAttributes = {
					29220B192A075B0C00A6C01E = {
						CreatedOnToolsVersion = 14.3;
					};
					29220B292A075B0D00A6C01E = {
						CreatedOnToolsVersion = 14.3;
						TestTargetID = 29220B192A075B0C00A6C01E;
					};
					29220B332A075B0D00A6C01E = {
						CreatedOnToolsVersion = 14.3;
						TestTargetID = 29220B192A075B0C00A6C01E;
					};
				};
			};
			buildConfigurationList = 29220B152A075B0C00A6C01E /* Build configuration list for PBXProject "Assessment3IOS" */;
			compatibilityVersion = "Xcode 14.0";
			developmentRegion = en;
			hasScannedForEncodings = 0;
			knownRegions = (
				en,
				Base,
			);
			mainGroup = 29220B112A075B0C00A6C01E;
			productRefGroup = 29220B1B2A075B0C00A6C01E /* Products */;
			projectDirPath = "";
			projectRoot = "";
			targets = (
				29220B192A075B0C00A6C01E /* Assessment3IOS */,
				29220B292A075B0D00A6C01E /* Assessment3IOSTests */,
				29220B332A075B0D00A6C01E /* Assessment3IOSUITests */,
			);
		};
/* End PBXProject section */

/* Begin PBXResourcesBuildPhase section */
		29220B182A075B0C00A6C01E /* Resources */ = {
			isa = PBXResourcesBuildPhase;
			buildActionMask = 2147483647;
			files = (
				29220B252A075B0C00A6C01E /* Preview Assets.xcassets in Resources */,
				29220B222A075B0C00A6C01E /* Assets.xcassets in Resources */,
			);
			runOnlyForDeploymentPostprocessing = 0;
		};
		29220B282A075B0D00A6C01E /* Resources */ = {
			isa = PBXResourcesBuildPhase;
			buildActionMask = 2147483647;
			files = (
			);
			runOnlyForDeploymentPostprocessing = 0;
		};
		29220B322A075B0D00A6C01E /* Resources */ = {
			isa = PBXResourcesBuildPhase;
			buildActionMask = 2147483647;
			files = (
			);
			runOnlyForDeploymentPostprocessing = 0;
		};
/* End PBXResourcesBuildPhase section */

/* Begin PBXSourcesBuildPhase section */
		29220B162A075B0C00A6C01E /* Sources */ = {
			isa = PBXSourcesBuildPhase;
			buildActionMask = 2147483647;
			files = (
				29220B202A075B0C00A6C01E /* ContentView.swift in Sources */,
				29220B1E2A075B0C00A6C01E /* Assessment3IOSApp.swift in Sources */,
			);
			runOnlyForDeploymentPostprocessing = 0;
		};
		29220B262A075B0D00A6C01E /* Sources */ = {
			isa = PBXSourcesBuildPhase;
			buildActionMask = 2147483647;
			files = (
				29220B2F2A075B0D00A6C01E /* Assessment3IOSTests.swift in Sources */,
			);
			runOnlyForDeploymentPostprocessing = 0;
		};
		29220B302A075B0D00A6C01E /* Sources */ = {
			isa = PBXSourcesBuildPhase;
			buildActionMask = 2147483647;
			files = (
				29220B3B2A075B0D00A6C01E /* Assessment3IOSUITestsLaunchTests.swift in Sources */,
				29220B392A075B0D00A6C01E /* Assessment3IOSUITests.swift in Sources */,
			);
			runOnlyForDeploymentPostprocessing = 0;
		};
/* End PBXSourcesBuildPhase section */

/* Begin PBXTargetDependency section */
		29220B2C2A075B0D00A6C01E /* PBXTargetDependency */ = {
			isa = PBXTargetDependency;
			target = 29220B192A075B0C00A6C01E /* Assessment3IOS */;
			targetProxy = 29220B2B2A075B0D00A6C01E /* PBXContainerItemProxy */;
		};
		29220B362A075B0D00A6C01E /* PBXTargetDependency */ = {
			isa = PBXTargetDependency;
			target = 29220B192A075B0C00A6C01E /* Assessment3IOS */;
			targetProxy = 29220B352A075B0D00A6C01E /* PBXContainerItemProxy */;
		};
/* End PBXTargetDependency section */

/* Begin XCBuildConfiguration section */
		29220B3C2A075B0D00A6C01E /* Debug */ = {
			isa = XCBuildConfiguration;
			buildSettings = {
				ALWAYS_SEARCH_USER_PATHS = NO;
				CLANG_ANALYZER_NONNULL = YES;
				CLANG_ANALYZER_NUMBER_OBJECT_CONVERSION = YES_AGGRESSIVE;
				CLANG_CXX_LANGUAGE_STANDARD = "gnu++20";
				CLANG_ENABLE_MODULES = YES;
				CLANG_ENABLE_OBJC_ARC = YES;
				CLANG_ENABLE_OBJC_WEAK = YES;
				CLANG_WARN_BLOCK_CAPTURE_AUTORELEASING = YES;
				CLANG_WARN_BOOL_CONVERSION = YES;
				CLANG_WARN_COMMA = YES;
				CLANG_WARN_CONSTANT_CONVERSION = YES;
				CLANG_WARN_DEPRECATED_OBJC_IMPLEMENTATIONS = YES;
				CLANG_WARN_DIRECT_OBJC_ISA_USAGE = YES_ERROR;
				CLANG_WARN_DOCUMENTATION_COMMENTS = YES;
				CLANG_WARN_EMPTY_BODY = YES;
				CLANG_WARN_ENUM_CONVERSION = YES;
				CLANG_WARN_INFINITE_RECURSION = YES;
				CLANG_WARN_INT_CONVERSION = YES;
				CLANG_WARN_NON_LITERAL_NULL_CONVERSION = YES;
				CLANG_WARN_OBJC_IMPLICIT_RETAIN_SELF = YES;
				CLANG_WARN_OBJC_LITERAL_CONVERSION = YES;
				CLANG_WARN_OBJC_ROOT_CLASS = YES_ERROR;
				CLANG_WARN_QUOTED_INCLUDE_IN_FRAMEWORK_HEADER = YES;
				CLANG_WARN_RANGE_LOOP_ANALYSIS = YES;
				CLANG_WARN_STRICT_PROTOTYPES = YES;
				CLANG_WARN_SUSPICIOUS_MOVE = YES;
				CLANG_WARN_UNGUARDED_AVAILABILITY = YES_AGGRESSIVE;
				CLANG_WARN_UNREACHABLE_CODE = YES;
				CLANG_WARN__DUPLICATE_METHOD_MATCH = YES;
				COPY_PHASE_STRIP = NO;
				DEBUG_INFORMATION_FORMAT = dwarf;
				ENABLE_STRICT_OBJC_MSGSEND = YES;
				ENABLE_TESTABILITY = YES;
				GCC_C_LANGUAGE_STANDARD = gnu11;
				GCC_DYNAMIC_NO_PIC = NO;
				GCC_NO_COMMON_BLOCKS = YES;
				GCC_OPTIMIZATION_LEVEL = 0;
				GCC_PREPROCESSOR_DEFINITIONS = (
					"DEBUG=1",
					"$(inherited)",
				);
				GCC_WARN_64_TO_32_BIT_CONVERSION = YES;
				GCC_WARN_ABOUT_RETURN_TYPE = YES_ERROR;
				GCC_WARN_UNDECLARED_SELECTOR = YES;
				GCC_WARN_UNINITIALIZED_AUTOS = YES_AGGRESSIVE;
				GCC_WARN_UNUSED_FUNCTION = YES;
				GCC_WARN_UNUSED_VARIABLE = YES;
				IPHONEOS_DEPLOYMENT_TARGET = 16.4;
				MTL_ENABLE_DEBUG_INFO = INCLUDE_SOURCE;
				MTL_FAST_MATH = YES;
				ONLY_ACTIVE_ARCH = YES;
				SDKROOT = iphoneos;
				SWIFT_ACTIVE_COMPILATION_CONDITIONS = DEBUG;
				SWIFT_OPTIMIZATION_LEVEL = "-Onone";
			};
			name = Debug;
		};
		29220B3D2A075B0D00A6C01E /* Release */ = {
			isa = XCBuildConfiguration;
			buildSettings = {
				ALWAYS_SEARCH_USER_PATHS = NO;
				CLANG_ANALYZER_NONNULL = YES;
				CLANG_ANALYZER_NUMBER_OBJECT_CONVERSION = YES_AGGRESSIVE;
				CLANG_CXX_LANGUAGE_STANDARD = "gnu++20";
				CLANG_ENABLE_MODULES = YES;
				CLANG_ENABLE_OBJC_ARC = YES;
				CLANG_ENABLE_OBJC_WEAK = YES;
				CLANG_WARN_BLOCK_CAPTURE_AUTORELEASING = YES;
				CLANG_WARN_BOOL_CONVERSION = YES;
				CLANG_WARN_COMMA = YES;
				CLANG_WARN_CONSTANT_CONVERSION = YES;
				CLANG_WARN_DEPRECATED_OBJC_IMPLEMENTATIONS = YES;
				CLANG_WARN_DIRECT_OBJC_ISA_USAGE = YES_ERROR;
				CLANG_WARN_DOCUMENTATION_COMMENTS = YES;
				CLANG_WARN_EMPTY_BODY = YES;
				CLANG_WARN_ENUM_CONVERSION = YES;
				CLANG_WARN_INFINITE_RECURSION = YES;
				CLANG_WARN_INT_CONVERSION = YES;
				CLANG_WARN_NON_LITERAL_NULL_CONVERSION = YES;
				CLANG_WARN_OBJC_IMPLICIT_RETAIN_SELF = YES;
				CLANG_WARN_OBJC_LITERAL_CONVERSION = YES;
				CLANG_WARN_OBJC_ROOT_CLASS = YES_ERROR;
				CLANG_WARN_QUOTED_INCLUDE_IN_FRAMEWORK_HEADER = YES;
				CLANG_WARN_RANGE_LOOP_ANALYSIS = YES;
				CLANG_WARN_STRICT_PROTOTYPES = YES;
				CLANG_WARN_SUSPICIOUS_MOVE = YES;
				CLANG_WARN_UNGUARDED_AVAILABILITY = YES_AGGRESSIVE;
				CLANG_WARN_UNREACHABLE_CODE = YES;
				CLANG_WARN__DUPLICATE_METHOD_MATCH = YES;
				COPY_PHASE_STRIP = NO;
				DEBUG_INFORMATION_FORMAT = "dwarf-with-dsym";
				ENABLE_NS_ASSERTIONS = NO;
				ENABLE_STRICT_OBJC_MSGSEND = YES;
				GCC_C_LANGUAGE_STANDARD = gnu11;
				GCC_NO_COMMON_BLOCKS = YES;
				GCC_WARN_64_TO_32_BIT_CONVERSION = YES;
				GCC_WARN_ABOUT_RETURN_TYPE = YES_ERROR;
				GCC_WARN_UNDECLARED_SELECTOR = YES;
				GCC_WARN_UNINITIALIZED_AUTOS = YES_AGGRESSIVE;
				GCC_WARN_UNUSED_FUNCTION = YES;
				GCC_WARN_UNUSED_VARIABLE = YES;
				IPHONEOS_DEPLOYMENT_TARGET = 16.4;
				MTL_ENABLE_DEBUG_INFO = NO;
				MTL_FAST_MATH = YES;
				SDKROOT = iphoneos;
				SWIFT_COMPILATION_MODE = wholemodule;
				SWIFT_OPTIMIZATION_LEVEL = "-O";
				VALIDATE_PRODUCT = YES;
			};
			name = Release;
		};
		29220B3F2A075B0D00A6C01E /* Debug */ = {
			isa = XCBuildConfiguration;
			buildSettings = {
				ASSETCATALOG_COMPILER_APPICON_NAME = AppIcon;
				ASSETCATALOG_COMPILER_GLOBAL_ACCENT_COLOR_NAME = AccentColor;
				CODE_SIGN_STYLE = Automatic;
				CURRENT_PROJECT_VERSION = 1;
				DEVELOPMENT_ASSET_PATHS = "\"Assessment3IOS/Preview Content\"";
				DEVELOPMENT_TEAM = 6FZ32W874N;
				ENABLE_PREVIEWS = YES;
				GENERATE_INFOPLIST_FILE = YES;
				INFOPLIST_KEY_UIApplicationSceneManifest_Generation = YES;
				INFOPLIST_KEY_UIApplicationSupportsIndirectInputEvents = YES;
				INFOPLIST_KEY_UILaunchScreen_Generation = YES;
				INFOPLIST_KEY_UISupportedInterfaceOrientations_iPad = "UIInterfaceOrientationPortrait UIInterfaceOrientationPortraitUpsideDown UIInterfaceOrientationLandscapeLeft UIInterfaceOrientationLandscapeRight";
				INFOPLIST_KEY_UISupportedInterfaceOrientations_iPhone = "UIInterfaceOrientationPortrait UIInterfaceOrientationLandscapeLeft UIInterfaceOrientationLandscapeRight";
				LD_RUNPATH_SEARCH_PATHS = (
					"$(inherited)",
					"@executable_path/Frameworks",
				);
				MARKETING_VERSION = 1.0;
				PRODUCT_BUNDLE_IDENTIFIER = "com.yang-lee.Assessment3IOS";
				PRODUCT_NAME = "$(TARGET_NAME)";
				SWIFT_EMIT_LOC_STRINGS = YES;
				SWIFT_VERSION = 5.0;
				TARGETED_DEVICE_FAMILY = "1,2";
			};
			name = Debug;
		};
		29220B402A075B0D00A6C01E /* Release */ = {
			isa = XCBuildConfiguration;
			buildSettings = {
				ASSETCATALOG_COMPILER_APPICON_NAME = AppIcon;
				ASSETCATALOG_COMPILER_GLOBAL_ACCENT_COLOR_NAME = AccentColor;
				CODE_SIGN_STYLE = Automatic;
				CURRENT_PROJECT_VERSION = 1;
				DEVELOPMENT_ASSET_PATHS = "\"Assessment3IOS/Preview Content\"";
				DEVELOPMENT_TEAM = 6FZ32W874N;
				ENABLE_PREVIEWS = YES;
				GENERATE_INFOPLIST_FILE = YES;
				INFOPLIST_KEY_UIApplicationSceneManifest_Generation = YES;
				INFOPLIST_KEY_UIApplicationSupportsIndirectInputEvents = YES;
				INFOPLIST_KEY_UILaunchScreen_Generation = YES;
				INFOPLIST_KEY_UISupportedInterfaceOrientations_iPad = "UIInterfaceOrientationPortrait UIInterfaceOrientationPortraitUpsideDown UIInterfaceOrientationLandscapeLeft UIInterfaceOrientationLandscapeRight";
				INFOPLIST_KEY_UISupportedInterfaceOrientations_iPhone = "UIInterfaceOrientationPortrait UIInterfaceOrientationLandscapeLeft UIInterfaceOrientationLandscapeRight";
				LD_RUNPATH_SEARCH_PATHS = (
					"$(inherited)",
					"@executable_path/Frameworks",
				);
				MARKETING_VERSION = 1.0;
				PRODUCT_BUNDLE_IDENTIFIER = "com.yang-lee.Assessment3IOS";
				PRODUCT_NAME = "$(TARGET_NAME)";
				SWIFT_EMIT_LOC_STRINGS = YES;
				SWIFT_VERSION = 5.0;
				TARGETED_DEVICE_FAMILY = "1,2";
			};
			name = Release;
		};
		29220B422A075B0D00A6C01E /* Debug */ = {
			isa = XCBuildConfiguration;
			buildSettings = {
				ALWAYS_EMBED_SWIFT_STANDARD_LIBRARIES = YES;
				BUNDLE_LOADER = "$(TEST_HOST)";
				CODE_SIGN_STYLE = Automatic;
				CURRENT_PROJECT_VERSION = 1;
				DEVELOPMENT_TEAM = 6FZ32W874N;
				GENERATE_INFOPLIST_FILE = YES;
				IPHONEOS_DEPLOYMENT_TARGET = 16.4;
				MARKETING_VERSION = 1.0;
				PRODUCT_BUNDLE_IDENTIFIER = "com.yang-lee.Assessment3IOSTests";
				PRODUCT_NAME = "$(TARGET_NAME)";
				SWIFT_EMIT_LOC_STRINGS = NO;
				SWIFT_VERSION = 5.0;
				TARGETED_DEVICE_FAMILY = "1,2";
				TEST_HOST = "$(BUILT_PRODUCTS_DIR)/Assessment3IOS.app/$(BUNDLE_EXECUTABLE_FOLDER_PATH)/Assessment3IOS";
			};
			name = Debug;
		};
		29220B432A075B0D00A6C01E /* Release */ = {
			isa = XCBuildConfiguration;
			buildSettings = {
				ALWAYS_EMBED_SWIFT_STANDARD_LIBRARIES = YES;
				BUNDLE_LOADER = "$(TEST_HOST)";
				CODE_SIGN_STYLE = Automatic;
				CURRENT_PROJECT_VERSION = 1;
				DEVELOPMENT_TEAM = 6FZ32W874N;
				GENERATE_INFOPLIST_FILE = YES;
				IPHONEOS_DEPLOYMENT_TARGET = 16.4;
				MARKETING_VERSION = 1.0;
				PRODUCT_BUNDLE_IDENTIFIER = "com.yang-lee.Assessment3IOSTests";
				PRODUCT_NAME = "$(TARGET_NAME)";
				SWIFT_EMIT_LOC_STRINGS = NO;
				SWIFT_VERSION = 5.0;
				TARGETED_DEVICE_FAMILY = "1,2";
				TEST_HOST = "$(BUILT_PRODUCTS_DIR)/Assessment3IOS.app/$(BUNDLE_EXECUTABLE_FOLDER_PATH)/Assessment3IOS";
			};
			name = Release;
		};
		29220B452A075B0D00A6C01E /* Debug */ = {
			isa = XCBuildConfiguration;
			buildSettings = {
				ALWAYS_EMBED_SWIFT_STANDARD_LIBRARIES = YES;
				CODE_SIGN_STYLE = Automatic;
				CURRENT_PROJECT_VERSION = 1;
				DEVELOPMENT_TEAM = 6FZ32W874N;
				GENERATE_INFOPLIST_FILE = YES;
				MARKETING_VERSION = 1.0;
				PRODUCT_BUNDLE_IDENTIFIER = "com.yang-lee.Assessment3IOSUITests";
				PRODUCT_NAME = "$(TARGET_NAME)";
				SWIFT_EMIT_LOC_STRINGS = NO;
				SWIFT_VERSION = 5.0;
				TARGETED_DEVICE_FAMILY = "1,2";
				TEST_TARGET_NAME = Assessment3IOS;
			};
			name = Debug;
		};
		29220B462A075B0D00A6C01E /* Release */ = {
			isa = XCBuildConfiguration;
			buildSettings = {
				ALWAYS_EMBED_SWIFT_STANDARD_LIBRARIES = YES;
				CODE_SIGN_STYLE = Automatic;
				CURRENT_PROJECT_VERSION = 1;
				DEVELOPMENT_TEAM = 6FZ32W874N;
				GENERATE_INFOPLIST_FILE = YES;
				MARKETING_VERSION = 1.0;
				PRODUCT_BUNDLE_IDENTIFIER = "com.yang-lee.Assessment3IOSUITests";
				PRODUCT_NAME = "$(TARGET_NAME)";
				SWIFT_EMIT_LOC_STRINGS = NO;
				SWIFT_VERSION = 5.0;
				TARGETED_DEVICE_FAMILY = "1,2";
				TEST_TARGET_NAME = Assessment3IOS;
			};
			name = Release;
		};
/* End XCBuildConfiguration section */

/* Begin XCConfigurationList section */
		29220B152A075B0C00A6C01E /* Build configuration list for PBXProject "Assessment3IOS" */ = {
			isa = XCConfigurationList;
			buildConfigurations = (
				29220B3C2A075B0D00A6C01E /* Debug */,
				29220B3D2A075B0D00A6C01E /* Release */,
			);
			defaultConfigurationIsVisible = 0;
			defaultConfigurationName = Release;
		};
		29220B3E2A075B0D00A6C01E /* Build configuration list for PBXNativeTarget "Assessment3IOS" */ = {
			isa = XCConfigurationList;
			buildConfigurations = (
				29220B3F2A075B0D00A6C01E /* Debug */,
				29220B402A075B0D00A6C01E /* Release */,
			);
			defaultConfigurationIsVisible = 0;
			defaultConfigurationName = Release;
		};
		29220B412A075B0D00A6C01E /* Build configuration list for PBXNativeTarget "Assessment3IOSTests" */ = {
			isa = XCConfigurationList;
			buildConfigurations = (
				29220B422A075B0D00A6C01E /* Debug */,
				29220B432A075B0D00A6C01E /* Release */,
			);
			defaultConfigurationIsVisible = 0;
			defaultConfigurationName = Release;
		};
		29220B442A075B0D00A6C01E /* Build configuration list for PBXNativeTarget "Assessment3IOSUITests" */ = {
			isa = XCConfigurationList;
			buildConfigurations = (
				29220B452A075B0D00A6C01E /* Debug */,
				29220B462A075B0D00A6C01E /* Release */,
			);
			defaultConfigurationIsVisible = 0;
			defaultConfigurationName = Release;
		};
/* End XCConfigurationList section */
	};
	rootObject = 29220B122A075B0C00A6C01E /* Project object */;
}
